
Microsoft Visual Studio Solution File, Format Version 12.00
# Visual Studio Version 16
VisualStudioVersion = 16.0.31727.386
MinimumVisualStudioVersion = 10.0.40219.1
Project("{FAE04EC0-301F-11D3-BF4B-00C04F79EFBC}") = "CSharp", "CSharp.csproj", "{2347F103-5873-40A4-80F6-BB403ED05D55}"
EndProject
Global
	GlobalSection(SolutionConfigurationPlatforms) = preSolution
		Debug|Any CPU = Debug|Any CPU
		Release|Any CPU = Release|Any CPU
	EndGlobalSection
	GlobalSection(ProjectConfigurationPlatforms) = postSolution
		{2347F103-5873-40A4-80F6-BB403ED05D55}.Debug|Any CPU.ActiveCfg = Debug|Any CPU
		{2347F103-5873-40A4-80F6-BB403ED05D55}.Debug|Any CPU.Build.0 = Debug|Any CPU
		{2347F103-5873-40A4-80F6-BB403ED05D55}.Release|Any CPU.ActiveCfg = Release|Any CPU
		{2347F103-5873-40A4-80F6-BB403ED05D55}.Release|Any CPU.Build.0 = Release|Any CPU
	EndGlobalSection
	GlobalSection(SolutionProperties) = preSolution
		HideSolutionNode = FALSE
	EndGlobalSection
	GlobalSection(ExtensibilityGlobals) = postSolution
		SolutionGuid = {521D7910-F3CA-4034-9553-20C257A1330C}
	EndGlobalSection
EndGlobal
